// !$*UTF8*$!
{
	archiveVersion = 1;
	classes = {
	};
	objectVersion = 46;
	objects = {

/* Begin PBXBuildFile section */
		A27800EE1D3EAA8700A811E0 /* AppDelegate.swift in Sources */ = {isa = PBXBuildFile; fileRef = A27800ED1D3EAA8700A811E0 /* AppDelegate.swift */; };
		A27800F01D3EAA8700A811E0 /* ViewController.swift in Sources */ = {isa = PBXBuildFile; fileRef = A27800EF1D3EAA8700A811E0 /* ViewController.swift */; };
		A27800F31D3EAA8700A811E0 /* Main.storyboard in Resources */ = {isa = PBXBuildFile; fileRef = A27800F11D3EAA8700A811E0 /* Main.storyboard */; };
		A27800F51D3EAA8700A811E0 /* Assets.xcassets in Resources */ = {isa = PBXBuildFile; fileRef = A27800F41D3EAA8700A811E0 /* Assets.xcassets */; };
		A27800F81D3EAA8700A811E0 /* LaunchScreen.storyboard in Resources */ = {isa = PBXBuildFile; fileRef = A27800F61D3EAA8700A811E0 /* LaunchScreen.storyboard */; };
		A27801031D3EAA8700A811E0 /* My_HoodTests.swift in Sources */ = {isa = PBXBuildFile; fileRef = A27801021D3EAA8700A811E0 /* My_HoodTests.swift */; };
		A278010E1D3EAA8700A811E0 /* My_HoodUITests.swift in Sources */ = {isa = PBXBuildFile; fileRef = A278010D1D3EAA8700A811E0 /* My_HoodUITests.swift */; };
/* End PBXBuildFile section */

/* Begin PBXContainerItemProxy section */
		A27800FF1D3EAA8700A811E0 /* PBXContainerItemProxy */ = {
			isa = PBXContainerItemProxy;
			containerPortal = A27800E21D3EAA8700A811E0 /* Project object */;
			proxyType = 1;
			remoteGlobalIDString = A27800E91D3EAA8700A811E0;
			remoteInfo = "My-Hood";
		};
		A278010A1D3EAA8700A811E0 /* PBXContainerItemProxy */ = {
			isa = PBXContainerItemProxy;
			containerPortal = A27800E21D3EAA8700A811E0 /* Project object */;
			proxyType = 1;
			remoteGlobalIDString = A27800E91D3EAA8700A811E0;
			remoteInfo = "My-Hood";
		};
/* End PBXContainerItemProxy section */

/* Begin PBXFileReference section */
		A27800EA1D3EAA8700A811E0 /* My-Hood.app */ = {isa = PBXFileReference; explicitFileType = wrapper.application; includeInIndex = 0; path = "My-Hood.app"; sourceTree = BUILT_PRODUCTS_DIR; };
		A27800ED1D3EAA8700A811E0 /* AppDelegate.swift */ = {isa = PBXFileReference; lastKnownFileType = sourcecode.swift; path = AppDelegate.swift; sourceTree = "<group>"; };
		A27800EF1D3EAA8700A811E0 /* ViewController.swift */ = {isa = PBXFileReference; lastKnownFileType = sourcecode.swift; path = ViewController.swift; sourceTree = "<group>"; };
		A27800F21D3EAA8700A811E0 /* Base */ = {isa = PBXFileReference; lastKnownFileType = file.storyboard; name = Base; path = Base.lproj/Main.storyboard; sourceTree = "<group>"; };
		A27800F41D3EAA8700A811E0 /* Assets.xcassets */ = {isa = PBXFileReference; lastKnownFileType = folder.assetcatalog; path = Assets.xcassets; sourceTree = "<group>"; };
		A27800F71D3EAA8700A811E0 /* Base */ = {isa = PBXFileReference; lastKnownFileType = file.storyboard; name = Base; path = Base.lproj/LaunchScreen.storyboard; sourceTree = "<group>"; };
		A27800F91D3EAA8700A811E0 /* Info.plist */ = {isa = PBXFileReference; lastKnownFileType = text.plist.xml; path = Info.plist; sourceTree = "<group>"; };
		A27800FE1D3EAA8700A811E0 /* My-HoodTests.xctest */ = {isa = PBXFileReference; explicitFileType = wrapper.cfbundle; includeInIndex = 0; path = "My-HoodTests.xctest"; sourceTree = BUILT_PRODUCTS_DIR; };
		A27801021D3EAA8700A811E0 /* My_HoodTests.swift */ = {isa = PBXFileReference; lastKnownFileType = sourcecode.swift; path = My_HoodTests.swift; sourceTree = "<group>"; };
		A27801041D3EAA8700A811E0 /* Info.plist */ = {isa = PBXFileReference; lastKnownFileType = text.plist.xml; path = Info.plist; sourceTree = "<group>"; };
		A27801091D3EAA8700A811E0 /* My-HoodUITests.xctest */ = {isa = PBXFileReference; explicitFileType = wrapper.cfbundle; includeInIndex = 0; path = "My-HoodUITests.xctest"; sourceTree = BUILT_PRODUCTS_DIR; };
		A278010D1D3EAA8700A811E0 /* My_HoodUITests.swift */ = {isa = PBXFileReference; lastKnownFileType = sourcecode.swift; path = My_HoodUITests.swift; sourceTree = "<group>"; };
		A278010F1D3EAA8700A811E0 /* Info.plist */ = {isa = PBXFileReference; lastKnownFileType = text.plist.xml; path = Info.plist; sourceTree = "<group>"; };
/* End PBXFileReference section */

/* Begin PBXFrameworksBuildPhase section */
		A27800E71D3EAA8700A811E0 /* Frameworks */ = {
			isa = PBXFrameworksBuildPhase;
			buildActionMask = 2147483647;
			files = (
			);
			runOnlyForDeploymentPostprocessing = 0;
		};
		A27800FB1D3EAA8700A811E0 /* Frameworks */ = {
			isa = PBXFrameworksBuildPhase;
			buildActionMask = 2147483647;
			files = (
			);
			runOnlyForDeploymentPostprocessing = 0;
		};
		A27801061D3EAA8700A811E0 /* Frameworks */ = {
			isa = PBXFrameworksBuildPhase;
			buildActionMask = 2147483647;
			files = (
			);
			runOnlyForDeploymentPostprocessing = 0;
		};
/* End PBXFrameworksBuildPhase section */

/* Begin PBXGroup section */
		A27800E11D3EAA8700A811E0 = {
			isa = PBXGroup;
			children = (
				A27800EC1D3EAA8700A811E0 /* My-Hood */,
				A27801011D3EAA8700A811E0 /* My-HoodTests */,
				A278010C1D3EAA8700A811E0 /* My-HoodUITests */,
				A27800EB1D3EAA8700A811E0 /* Products */,
			);
			sourceTree = "<group>";
		};
		A27800EB1D3EAA8700A811E0 /* Products */ = {
			isa = PBXGroup;
			children = (
				A27800EA1D3EAA8700A811E0 /* My-Hood.app */,
				A27800FE1D3EAA8700A811E0 /* My-HoodTests.xctest */,
				A27801091D3EAA8700A811E0 /* My-HoodUITests.xctest */,
			);
			name = Products;
			sourceTree = "<group>";
		};
		A27800EC1D3EAA8700A811E0 /* My-Hood */ = {
			isa = PBXGroup;
			children = (
				A27800ED1D3EAA8700A811E0 /* AppDelegate.swift */,
				A27800EF1D3EAA8700A811E0 /* ViewController.swift */,
				A27800F11D3EAA8700A811E0 /* Main.storyboard */,
				A27800F41D3EAA8700A811E0 /* Assets.xcassets */,
				A27800F61D3EAA8700A811E0 /* LaunchScreen.storyboard */,
				A27800F91D3EAA8700A811E0 /* Info.plist */,
			);
			path = "My-Hood";
			sourceTree = "<group>";
		};
		A27801011D3EAA8700A811E0 /* My-HoodTests */ = {
			isa = PBXGroup;
			children = (
				A27801021D3EAA8700A811E0 /* My_HoodTests.swift */,
				A27801041D3EAA8700A811E0 /* Info.plist */,
			);
			path = "My-HoodTests";
			sourceTree = "<group>";
		};
		A278010C1D3EAA8700A811E0 /* My-HoodUITests */ = {
			isa = PBXGroup;
			children = (
				A278010D1D3EAA8700A811E0 /* My_HoodUITests.swift */,
				A278010F1D3EAA8700A811E0 /* Info.plist */,
			);
			path = "My-HoodUITests";
			sourceTree = "<group>";
		};
/* End PBXGroup section */

/* Begin PBXNativeTarget section */
		A27800E91D3EAA8700A811E0 /* My-Hood */ = {
			isa = PBXNativeTarget;
			buildConfigurationList = A27801121D3EAA8700A811E0 /* Build configuration list for PBXNativeTarget "My-Hood" */;
			buildPhases = (
				A27800E61D3EAA8700A811E0 /* Sources */,
				A27800E71D3EAA8700A811E0 /* Frameworks */,
				A27800E81D3EAA8700A811E0 /* Resources */,
			);
			buildRules = (
			);
			dependencies = (
			);
			name = "My-Hood";
			productName = "My-Hood";
			productReference = A27800EA1D3EAA8700A811E0 /* My-Hood.app */;
			productType = "com.apple.product-type.application";
		};
		A27800FD1D3EAA8700A811E0 /* My-HoodTests */ = {
			isa = PBXNativeTarget;
			buildConfigurationList = A27801151D3EAA8700A811E0 /* Build configuration list for PBXNativeTarget "My-HoodTests" */;
			buildPhases = (
				A27800FA1D3EAA8700A811E0 /* Sources */,
				A27800FB1D3EAA8700A811E0 /* Frameworks */,
				A27800FC1D3EAA8700A811E0 /* Resources */,
			);
			buildRules = (
			);
			dependencies = (
				A27801001D3EAA8700A811E0 /* PBXTargetDependency */,
			);
			name = "My-HoodTests";
			productName = "My-HoodTests";
			productReference = A27800FE1D3EAA8700A811E0 /* My-HoodTests.xctest */;
			productType = "com.apple.product-type.bundle.unit-test";
		};
		A27801081D3EAA8700A811E0 /* My-HoodUITests */ = {
			isa = PBXNativeTarget;
			buildConfigurationList = A27801181D3EAA8700A811E0 /* Build configuration list for PBXNativeTarget "My-HoodUITests" */;
			buildPhases = (
				A27801051D3EAA8700A811E0 /* Sources */,
				A27801061D3EAA8700A811E0 /* Frameworks */,
				A27801071D3EAA8700A811E0 /* Resources */,
			);
			buildRules = (
			);
			dependencies = (
				A278010B1D3EAA8700A811E0 /* PBXTargetDependency */,
			);
			name = "My-HoodUITests";
			productName = "My-HoodUITests";
			productReference = A27801091D3EAA8700A811E0 /* My-HoodUITests.xctest */;
			productType = "com.apple.product-type.bundle.ui-testing";
		};
/* End PBXNativeTarget section */

/* Begin PBXProject section */
		A27800E21D3EAA8700A811E0 /* Project object */ = {
			isa = PBXProject;
			attributes = {
				LastSwiftUpdateCheck = 0730;
				LastUpgradeCheck = 0730;
				ORGANIZATIONNAME = Pryzm;
				TargetAttributes = {
					A27800E91D3EAA8700A811E0 = {
						CreatedOnToolsVersion = 7.3.1;
					};
					A27800FD1D3EAA8700A811E0 = {
						CreatedOnToolsVersion = 7.3.1;
						TestTargetID = A27800E91D3EAA8700A811E0;
					};
					A27801081D3EAA8700A811E0 = {
						CreatedOnToolsVersion = 7.3.1;
						TestTargetID = A27800E91D3EAA8700A811E0;
					};
				};
			};
			buildConfigurationList = A27800E51D3EAA8700A811E0 /* Build configuration list for PBXProject "My-Hood" */;
			compatibilityVersion = "Xcode 3.2";
			developmentRegion = English;
			hasScannedForEncodings = 0;
			knownRegions = (
				en,
				Base,
			);
			mainGroup = A27800E11D3EAA8700A811E0;
			productRefGroup = A27800EB1D3EAA8700A811E0 /* Products */;
			projectDirPath = "";
			projectRoot = "";
			targets = (
				A27800E91D3EAA8700A811E0 /* My-Hood */,
				A27800FD1D3EAA8700A811E0 /* My-HoodTests */,
				A27801081D3EAA8700A811E0 /* My-HoodUITests */,
			);
		};
/* End PBXProject section */

/* Begin PBXResourcesBuildPhase section */
		A27800E81D3EAA8700A811E0 /* Resources */ = {
			isa = PBXResourcesBuildPhase;
			buildActionMask = 2147483647;
			files = (
				A27800F81D3EAA8700A811E0 /* LaunchScreen.storyboard in Resources */,
				A27800F51D3EAA8700A811E0 /* Assets.xcassets in Resources */,
				A27800F31D3EAA8700A811E0 /* Main.storyboard in Resources */,
			);
			runOnlyForDeploymentPostprocessing = 0;
		};
		A27800FC1D3EAA8700A811E0 /* Resources */ = {
			isa = PBXResourcesBuildPhase;
			buildActionMask = 2147483647;
			files = (
			);
			runOnlyForDeploymentPostprocessing = 0;
		};
		A27801071D3EAA8700A811E0 /* Resources */ = {
			isa = PBXResourcesBuildPhase;
			buildActionMask = 2147483647;
			files = (
			);
			runOnlyForDeploymentPostprocessing = 0;
		};
/* End PBXResourcesBuildPhase section */

/* Begin PBXSourcesBuildPhase section */
		A27800E61D3EAA8700A811E0 /* Sources */ = {
			isa = PBXSourcesBuildPhase;
			buildActionMask = 2147483647;
			files = (
				A27800F01D3EAA8700A811E0 /* ViewController.swift in Sources */,
				A27800EE1D3EAA8700A811E0 /* AppDelegate.swift in Sources */,
			);
			runOnlyForDeploymentPostprocessing = 0;
		};
		A27800FA1D3EAA8700A811E0 /* Sources */ = {
			isa = PBXSourcesBuildPhase;
			buildActionMask = 2147483647;
			files = (
				A27801031D3EAA8700A811E0 /* My_HoodTests.swift in Sources */,
			);
			runOnlyForDeploymentPostprocessing = 0;
		};
		A27801051D3EAA8700A811E0 /* Sources */ = {
			isa = PBXSourcesBuildPhase;
			buildActionMask = 2147483647;
			files = (
				A278010E1D3EAA8700A811E0 /* My_HoodUITests.swift in Sources */,
			);
			runOnlyForDeploymentPostprocessing = 0;
		};
/* End PBXSourcesBuildPhase section */

/* Begin PBXTargetDependency section */
		A27801001D3EAA8700A811E0 /* PBXTargetDependency */ = {
			isa = PBXTargetDependency;
			target = A27800E91D3EAA8700A811E0 /* My-Hood */;
			targetProxy = A27800FF1D3EAA8700A811E0 /* PBXContainerItemProxy */;
		};
		A278010B1D3EAA8700A811E0 /* PBXTargetDependency */ = {
			isa = PBXTargetDependency;
			target = A27800E91D3EAA8700A811E0 /* My-Hood */;
			targetProxy = A278010A1D3EAA8700A811E0 /* PBXContainerItemProxy */;
		};
/* End PBXTargetDependency section */

/* Begin PBXVariantGroup section */
		A27800F11D3EAA8700A811E0 /* Main.storyboard */ = {
			isa = PBXVariantGroup;
			children = (
				A27800F21D3EAA8700A811E0 /* Base */,
			);
			name = Main.storyboard;
			sourceTree = "<group>";
		};
		A27800F61D3EAA8700A811E0 /* LaunchScreen.storyboard */ = {
			isa = PBXVariantGroup;
			children = (
				A27800F71D3EAA8700A811E0 /* Base */,
			);
			name = LaunchScreen.storyboard;
			sourceTree = "<group>";
		};
/* End PBXVariantGroup section */

/* Begin XCBuildConfiguration section */
		A27801101D3EAA8700A811E0 /* Debug */ = {
			isa = XCBuildConfiguration;
			buildSettings = {
				ALWAYS_SEARCH_USER_PATHS = NO;
				CLANG_ANALYZER_NONNULL = YES;
				CLANG_CXX_LANGUAGE_STANDARD = "gnu++0x";
				CLANG_CXX_LIBRARY = "libc++";
				CLANG_ENABLE_MODULES = YES;
				CLANG_ENABLE_OBJC_ARC = YES;
				CLANG_WARN_BOOL_CONVERSION = YES;
				CLANG_WARN_CONSTANT_CONVERSION = YES;
				CLANG_WARN_DIRECT_OBJC_ISA_USAGE = YES_ERROR;
				CLANG_WARN_EMPTY_BODY = YES;
				CLANG_WARN_ENUM_CONVERSION = YES;
				CLANG_WARN_INT_CONVERSION = YES;
				CLANG_WARN_OBJC_ROOT_CLASS = YES_ERROR;
				CLANG_WARN_UNREACHABLE_CODE = YES;
				CLANG_WARN__DUPLICATE_METHOD_MATCH = YES;
				"CODE_SIGN_IDENTITY[sdk=iphoneos*]" = "iPhone Developer";
				COPY_PHASE_STRIP = NO;
				DEBUG_INFORMATION_FORMAT = dwarf;
				ENABLE_STRICT_OBJC_MSGSEND = YES;
				ENABLE_TESTABILITY = YES;
				GCC_C_LANGUAGE_STANDARD = gnu99;
				GCC_DYNAMIC_NO_PIC = NO;
				GCC_NO_COMMON_BLOCKS = YES;
				GCC_OPTIMIZATION_LEVEL = 0;
				GCC_PREPROCESSOR_DEFINITIONS = (
					"DEBUG=1",
					"$(inherited)",
				);
				GCC_WARN_64_TO_32_BIT_CONVERSION = YES;
				GCC_WARN_ABOUT_RETURN_TYPE = YES_ERROR;
				GCC_WARN_UNDECLARED_SELECTOR = YES;
				GCC_WARN_UNINITIALIZED_AUTOS = YES_AGGRESSIVE;
				GCC_WARN_UNUSED_FUNCTION = YES;
				GCC_WARN_UNUSED_VARIABLE = YES;
				IPHONEOS_DEPLOYMENT_TARGET = 9.3;
				MTL_ENABLE_DEBUG_INFO = YES;
				ONLY_ACTIVE_ARCH = YES;
				SDKROOT = iphoneos;
				SWIFT_OPTIMIZATION_LEVEL = "-Onone";
				TARGETED_DEVICE_FAMILY = "1,2";
			};
			name = Debug;
		};
		A27801111D3EAA8700A811E0 /* Release */ = {
			isa = XCBuildConfiguration;
			buildSettings = {
				ALWAYS_SEARCH_USER_PATHS = NO;
				CLANG_ANALYZER_NONNULL = YES;
				CLANG_CXX_LANGUAGE_STANDARD = "gnu++0x";
				CLANG_CXX_LIBRARY = "libc++";
				CLANG_ENABLE_MODULES = YES;
				CLANG_ENABLE_OBJC_ARC = YES;
				CLANG_WARN_BOOL_CONVERSION = YES;
				CLANG_WARN_CONSTANT_CONVERSION = YES;
				CLANG_WARN_DIRECT_OBJC_ISA_USAGE = YES_ERROR;
				CLANG_WARN_EMPTY_BODY = YES;
				CLANG_WARN_ENUM_CONVERSION = YES;
				CLANG_WARN_INT_CONVERSION = YES;
				CLANG_WARN_OBJC_ROOT_CLASS = YES_ERROR;
				CLANG_WARN_UNREACHABLE_CODE = YES;
				CLANG_WARN__DUPLICATE_METHOD_MATCH = YES;
				"CODE_SIGN_IDENTITY[sdk=iphoneos*]" = "iPhone Developer";
				COPY_PHASE_STRIP = NO;
				DEBUG_INFORMATION_FORMAT = "dwarf-with-dsym";
				ENABLE_NS_ASSERTIONS = NO;
				ENABLE_STRICT_OBJC_MSGSEND = YES;
				GCC_C_LANGUAGE_STANDARD = gnu99;
				GCC_NO_COMMON_BLOCKS = YES;
				GCC_WARN_64_TO_32_BIT_CONVERSION = YES;
				GCC_WARN_ABOUT_RETURN_TYPE = YES_ERROR;
				GCC_WARN_UNDECLARED_SELECTOR = YES;
				GCC_WARN_UNINITIALIZED_AUTOS = YES_AGGRESSIVE;
				GCC_WARN_UNUSED_FUNCTION = YES;
				GCC_WARN_UNUSED_VARIABLE = YES;
				IPHONEOS_DEPLOYMENT_TARGET = 9.3;
				MTL_ENABLE_DEBUG_INFO = NO;
				SDKROOT = iphoneos;
				TARGETED_DEVICE_FAMILY = "1,2";
				VALIDATE_PRODUCT = YES;
			};
			name = Release;
		};
		A27801131D3EAA8700A811E0 /* Debug */ = {
			isa = XCBuildConfiguration;
			buildSettings = {
				ASSETCATALOG_COMPILER_APPICON_NAME = AppIcon;
				INFOPLIST_FILE = "My-Hood/Info.plist";
				LD_RUNPATH_SEARCH_PATHS = "$(inherited) @executable_path/Frameworks";
				PRODUCT_BUNDLE_IDENTIFIER = "Pryzm.My-Hood";
				PRODUCT_NAME = "$(TARGET_NAME)";
			};
			name = Debug;
		};
		A27801141D3EAA8700A811E0 /* Release */ = {
			isa = XCBuildConfiguration;
			buildSettings = {
				ASSETCATALOG_COMPILER_APPICON_NAME = AppIcon;
				INFOPLIST_FILE = "My-Hood/Info.plist";
				LD_RUNPATH_SEARCH_PATHS = "$(inherited) @executable_path/Frameworks";
				PRODUCT_BUNDLE_IDENTIFIER = "Pryzm.My-Hood";
				PRODUCT_NAME = "$(TARGET_NAME)";
			};
			name = Release;
		};
		A27801161D3EAA8700A811E0 /* Debug */ = {
			isa = XCBuildConfiguration;
			buildSettings = {
				BUNDLE_LOADER = "$(TEST_HOST)";
				INFOPLIST_FILE = "My-HoodTests/Info.plist";
				LD_RUNPATH_SEARCH_PATHS = "$(inherited) @executable_path/Frameworks @loader_path/Frameworks";
				PRODUCT_BUNDLE_IDENTIFIER = "Pryzm.My-HoodTests";
				PRODUCT_NAME = "$(TARGET_NAME)";
				TEST_HOST = "$(BUILT_PRODUCTS_DIR)/My-Hood.app/My-Hood";
			};
			name = Debug;
		};
		A27801171D3EAA8700A811E0 /* Release */ = {
			isa = XCBuildConfiguration;
			buildSettings = {
				BUNDLE_LOADER = "$(TEST_HOST)";
				INFOPLIST_FILE = "My-HoodTests/Info.plist";
				LD_RUNPATH_SEARCH_PATHS = "$(inherited) @executable_path/Frameworks @loader_path/Frameworks";
				PRODUCT_BUNDLE_IDENTIFIER = "Pryzm.My-HoodTests";
				PRODUCT_NAME = "$(TARGET_NAME)";
				TEST_HOST = "$(BUILT_PRODUCTS_DIR)/My-Hood.app/My-Hood";
			};
			name = Release;
		};
		A27801191D3EAA8700A811E0 /* Debug */ = {
			isa = XCBuildConfiguration;
			buildSettings = {
				INFOPLIST_FILE = "My-HoodUITests/Info.plist";
				LD_RUNPATH_SEARCH_PATHS = "$(inherited) @executable_path/Frameworks @loader_path/Frameworks";
				PRODUCT_BUNDLE_IDENTIFIER = "Pryzm.My-HoodUITests";
				PRODUCT_NAME = "$(TARGET_NAME)";
				TEST_TARGET_NAME = "My-Hood";
			};
			name = Debug;
		};
		A278011A1D3EAA8700A811E0 /* Release */ = {
			isa = XCBuildConfiguration;
			buildSettings = {
				INFOPLIST_FILE = "My-HoodUITests/Info.plist";
				LD_RUNPATH_SEARCH_PATHS = "$(inherited) @executable_path/Frameworks @loader_path/Frameworks";
				PRODUCT_BUNDLE_IDENTIFIER = "Pryzm.My-HoodUITests";
				PRODUCT_NAME = "$(TARGET_NAME)";
				TEST_TARGET_NAME = "My-Hood";
			};
			name = Release;
		};
/* End XCBuildConfiguration section */

/* Begin XCConfigurationList section */
		A27800E51D3EAA8700A811E0 /* Build configuration list for PBXProject "My-Hood" */ = {
			isa = XCConfigurationList;
			buildConfigurations = (
				A27801101D3EAA8700A811E0 /* Debug */,
				A27801111D3EAA8700A811E0 /* Release */,
			);
			defaultConfigurationIsVisible = 0;
			defaultConfigurationName = Release;
		};
		A27801121D3EAA8700A811E0 /* Build configuration list for PBXNativeTarget "My-Hood" */ = {
			isa = XCConfigurationList;
			buildConfigurations = (
				A27801131D3EAA8700A811E0 /* Debug */,
				A27801141D3EAA8700A811E0 /* Release */,
			);
			defaultConfigurationIsVisible = 0;
		};
		A27801151D3EAA8700A811E0 /* Build configuration list for PBXNativeTarget "My-HoodTests" */ = {
			isa = XCConfigurationList;
			buildConfigurations = (
				A27801161D3EAA8700A811E0 /* Debug */,
				A27801171D3EAA8700A811E0 /* Release */,
			);
			defaultConfigurationIsVisible = 0;
		};
		A27801181D3EAA8700A811E0 /* Build configuration list for PBXNativeTarget "My-HoodUITests" */ = {
			isa = XCConfigurationList;
			buildConfigurations = (
				A27801191D3EAA8700A811E0 /* Debug */,
				A278011A1D3EAA8700A811E0 /* Release */,
			);
			defaultConfigurationIsVisible = 0;
		};
/* End XCConfigurationList section */
	};
	rootObject = A27800E21D3EAA8700A811E0 /* Project object */;
}
